
Microsoft Visual Studio Solution File, Format Version 12.00
# Visual Studio Version 17
VisualStudioVersion = 17.10.35122.118
MinimumVisualStudioVersion = 10.0.40219.1
Project("{9A19103F-16F7-4668-BE54-9A1E7A4F7556}") = "ConsoleApp1", "ConsoleApp1\ConsoleApp1.csproj", "{1B975572-6C69-4730-B0BD-717971224AB5}"
EndProject
Project("{FAE04EC0-301F-11D3-BF4B-00C04F79EFBC}") = "Domain", "Domain\Domain.csproj", "{52A8BEBB-5E53-4D65-9DE7-5C57AD70B25D}"
EndProject
Project("{FAE04EC0-301F-11D3-BF4B-00C04F79EFBC}") = "Infrastructure.Database", "Infrastructure.Database\Infrastructure.Database.csproj", "{500C8DBC-4D6D-40C3-AAD7-264E9126ECC6}"
EndProject
Project("{FAE04EC0-301F-11D3-BF4B-00C04F79EFBC}") = "Application", "Application\Application.csproj", "{94839730-7F03-433F-ADA3-54B11E294994}"
EndProject
Global
	GlobalSection(SolutionConfigurationPlatforms) = preSolution
		Debug|Any CPU = Debug|Any CPU
		Release|Any CPU = Release|Any CPU
	EndGlobalSection
	GlobalSection(ProjectConfigurationPlatforms) = postSolution
		{1B975572-6C69-4730-B0BD-717971224AB5}.Debug|Any CPU.ActiveCfg = Debug|Any CPU
		{1B975572-6C69-4730-B0BD-717971224AB5}.Debug|Any CPU.Build.0 = Debug|Any CPU
		{1B975572-6C69-4730-B0BD-717971224AB5}.Release|Any CPU.ActiveCfg = Release|Any CPU
		{1B975572-6C69-4730-B0BD-717971224AB5}.Release|Any CPU.Build.0 = Release|Any CPU
		{52A8BEBB-5E53-4D65-9DE7-5C57AD70B25D}.Debug|Any CPU.ActiveCfg = Debug|Any CPU
		{52A8BEBB-5E53-4D65-9DE7-5C57AD70B25D}.Debug|Any CPU.Build.0 = Debug|Any CPU
		{52A8BEBB-5E53-4D65-9DE7-5C57AD70B25D}.Release|Any CPU.ActiveCfg = Release|Any CPU
		{52A8BEBB-5E53-4D65-9DE7-5C57AD70B25D}.Release|Any CPU.Build.0 = Release|Any CPU
		{500C8DBC-4D6D-40C3-AAD7-264E9126ECC6}.Debug|Any CPU.ActiveCfg = Debug|Any CPU
		{500C8DBC-4D6D-40C3-AAD7-264E9126ECC6}.Debug|Any CPU.Build.0 = Debug|Any CPU
		{500C8DBC-4D6D-40C3-AAD7-264E9126ECC6}.Release|Any CPU.ActiveCfg = Release|Any CPU
		{500C8DBC-4D6D-40C3-AAD7-264E9126ECC6}.Release|Any CPU.Build.0 = Release|Any CPU
		{94839730-7F03-433F-ADA3-54B11E294994}.Debug|Any CPU.ActiveCfg = Debug|Any CPU
		{94839730-7F03-433F-ADA3-54B11E294994}.Debug|Any CPU.Build.0 = Debug|Any CPU
		{94839730-7F03-433F-ADA3-54B11E294994}.Release|Any CPU.ActiveCfg = Release|Any CPU
		{94839730-7F03-433F-ADA3-54B11E294994}.Release|Any CPU.Build.0 = Release|Any CPU
	EndGlobalSection
	GlobalSection(SolutionProperties) = preSolution
		HideSolutionNode = FALSE
	EndGlobalSection
	GlobalSection(ExtensibilityGlobals) = postSolution
		SolutionGuid = {C7E2BA75-FE27-4BDF-B7AC-7DFEE6AD7E11}
	EndGlobalSection
EndGlobal
