
Microsoft Visual Studio Solution File, Format Version 12.00
# Visual Studio Version 17
VisualStudioVersion = 17.10.35122.118
MinimumVisualStudioVersion = 10.0.40219.1
Project("{54A90642-561A-4BB1-A94E-469ADEE60C69}") = "angularapp1.client", "testUi\angularapp1.client.esproj", "{58FFE5E1-59EF-4668-B48E-6FB742B79A7E}"
EndProject
Project("{2150E333-8FDC-42A3-9474-1A3956D46DE8}") = "Backend", "Backend", "{2314D669-838F-427D-84C8-FC9C04AEC29F}"
EndProject
Project("{9A19103F-16F7-4668-BE54-9A1E7A4F7556}") = "Application", "BackendTest\Application\Application.csproj", "{0F84B4DD-0FF4-42C3-BEAC-B7E257EFCE4F}"
EndProject
Project("{9A19103F-16F7-4668-BE54-9A1E7A4F7556}") = "ConsoleApp1", "BackendTest\ConsoleApp1\ConsoleApp1.csproj", "{10AB625D-A47F-47BA-8A5F-D2EB4ABAF213}"
EndProject
Project("{9A19103F-16F7-4668-BE54-9A1E7A4F7556}") = "Domain", "BackendTest\Domain\Domain.csproj", "{68C1C7E1-05BF-4EFF-B9E2-1F93EE264EC4}"
EndProject
Project("{9A19103F-16F7-4668-BE54-9A1E7A4F7556}") = "Infrastructure.Database", "BackendTest\Infrastructure.Database\Infrastructure.Database.csproj", "{3EADA181-A697-4836-91F8-E40365D61A83}"
EndProject
Global
	GlobalSection(SolutionConfigurationPlatforms) = preSolution
		Debug|Any CPU = Debug|Any CPU
		Release|Any CPU = Release|Any CPU
	EndGlobalSection
	GlobalSection(ProjectConfigurationPlatforms) = postSolution
		{58FFE5E1-59EF-4668-B48E-6FB742B79A7E}.Debug|Any CPU.ActiveCfg = Debug|Any CPU
		{58FFE5E1-59EF-4668-B48E-6FB742B79A7E}.Debug|Any CPU.Build.0 = Debug|Any CPU
		{58FFE5E1-59EF-4668-B48E-6FB742B79A7E}.Debug|Any CPU.Deploy.0 = Debug|Any CPU
		{58FFE5E1-59EF-4668-B48E-6FB742B79A7E}.Release|Any CPU.ActiveCfg = Release|Any CPU
		{58FFE5E1-59EF-4668-B48E-6FB742B79A7E}.Release|Any CPU.Build.0 = Release|Any CPU
		{58FFE5E1-59EF-4668-B48E-6FB742B79A7E}.Release|Any CPU.Deploy.0 = Release|Any CPU
		{0F84B4DD-0FF4-42C3-BEAC-B7E257EFCE4F}.Debug|Any CPU.ActiveCfg = Debug|Any CPU
		{0F84B4DD-0FF4-42C3-BEAC-B7E257EFCE4F}.Debug|Any CPU.Build.0 = Debug|Any CPU
		{0F84B4DD-0FF4-42C3-BEAC-B7E257EFCE4F}.Release|Any CPU.ActiveCfg = Release|Any CPU
		{0F84B4DD-0FF4-42C3-BEAC-B7E257EFCE4F}.Release|Any CPU.Build.0 = Release|Any CPU
		{10AB625D-A47F-47BA-8A5F-D2EB4ABAF213}.Debug|Any CPU.ActiveCfg = Debug|Any CPU
		{10AB625D-A47F-47BA-8A5F-D2EB4ABAF213}.Debug|Any CPU.Build.0 = Debug|Any CPU
		{10AB625D-A47F-47BA-8A5F-D2EB4ABAF213}.Release|Any CPU.ActiveCfg = Release|Any CPU
		{10AB625D-A47F-47BA-8A5F-D2EB4ABAF213}.Release|Any CPU.Build.0 = Release|Any CPU
		{68C1C7E1-05BF-4EFF-B9E2-1F93EE264EC4}.Debug|Any CPU.ActiveCfg = Debug|Any CPU
		{68C1C7E1-05BF-4EFF-B9E2-1F93EE264EC4}.Debug|Any CPU.Build.0 = Debug|Any CPU
		{68C1C7E1-05BF-4EFF-B9E2-1F93EE264EC4}.Release|Any CPU.ActiveCfg = Release|Any CPU
		{68C1C7E1-05BF-4EFF-B9E2-1F93EE264EC4}.Release|Any CPU.Build.0 = Release|Any CPU
		{3EADA181-A697-4836-91F8-E40365D61A83}.Debug|Any CPU.ActiveCfg = Debug|Any CPU
		{3EADA181-A697-4836-91F8-E40365D61A83}.Debug|Any CPU.Build.0 = Debug|Any CPU
		{3EADA181-A697-4836-91F8-E40365D61A83}.Release|Any CPU.ActiveCfg = Release|Any CPU
		{3EADA181-A697-4836-91F8-E40365D61A83}.Release|Any CPU.Build.0 = Release|Any CPU
	EndGlobalSection
	GlobalSection(SolutionProperties) = preSolution
		HideSolutionNode = FALSE
	EndGlobalSection
	GlobalSection(NestedProjects) = preSolution
		{0F84B4DD-0FF4-42C3-BEAC-B7E257EFCE4F} = {2314D669-838F-427D-84C8-FC9C04AEC29F}
		{10AB625D-A47F-47BA-8A5F-D2EB4ABAF213} = {2314D669-838F-427D-84C8-FC9C04AEC29F}
		{68C1C7E1-05BF-4EFF-B9E2-1F93EE264EC4} = {2314D669-838F-427D-84C8-FC9C04AEC29F}
		{3EADA181-A697-4836-91F8-E40365D61A83} = {2314D669-838F-427D-84C8-FC9C04AEC29F}
	EndGlobalSection
	GlobalSection(ExtensibilityGlobals) = postSolution
		SolutionGuid = {C7E2BA75-FE27-4BDF-B7AC-7DFEE6AD7E11}
	EndGlobalSection
EndGlobal
